// !$*UTF8*$!
{
	archiveVersion = 1;
	classes = {
	};
	objectVersion = 50;
	objects = {

/* Begin PBXBuildFile section */
		1F1C74C626FA290E005D18F1 /* NewsAppApp.swift in Sources */ = {isa = PBXBuildFile; fileRef = 1F1C74B326FA290D005D18F1 /* NewsAppApp.swift */; };
		1F1C74C726FA290E005D18F1 /* NewsAppApp.swift in Sources */ = {isa = PBXBuildFile; fileRef = 1F1C74B326FA290D005D18F1 /* NewsAppApp.swift */; };
		1F1C74C826FA290E005D18F1 /* ContentView.swift in Sources */ = {isa = PBXBuildFile; fileRef = 1F1C74B426FA290D005D18F1 /* ContentView.swift */; };
		1F1C74C926FA290E005D18F1 /* ContentView.swift in Sources */ = {isa = PBXBuildFile; fileRef = 1F1C74B426FA290D005D18F1 /* ContentView.swift */; };
		1F1C74CA26FA290E005D18F1 /* Assets.xcassets in Resources */ = {isa = PBXBuildFile; fileRef = 1F1C74B526FA290E005D18F1 /* Assets.xcassets */; };
		1F1C74CB26FA290E005D18F1 /* Assets.xcassets in Resources */ = {isa = PBXBuildFile; fileRef = 1F1C74B526FA290E005D18F1 /* Assets.xcassets */; };
		1F1C74D526FA29CD005D18F1 /* GuardianResponse.swift in Sources */ = {isa = PBXBuildFile; fileRef = 1F1C74D426FA29CD005D18F1 /* GuardianResponse.swift */; };
		1F1C74D626FA29CD005D18F1 /* GuardianResponse.swift in Sources */ = {isa = PBXBuildFile; fileRef = 1F1C74D426FA29CD005D18F1 /* GuardianResponse.swift */; };
		1FF0E40A26FA2C2B00F41FC2 /* GuardianServices.swift in Sources */ = {isa = PBXBuildFile; fileRef = 1FF0E40926FA2C2B00F41FC2 /* GuardianServices.swift */; };
		1FF0E40B26FA2C2B00F41FC2 /* GuardianServices.swift in Sources */ = {isa = PBXBuildFile; fileRef = 1FF0E40926FA2C2B00F41FC2 /* GuardianServices.swift */; };
		1FF0E40D26FA2E3900F41FC2 /* GuardianConstants.swift in Sources */ = {isa = PBXBuildFile; fileRef = 1FF0E40C26FA2E3900F41FC2 /* GuardianConstants.swift */; };
		1FF0E40E26FA2E3900F41FC2 /* GuardianConstants.swift in Sources */ = {isa = PBXBuildFile; fileRef = 1FF0E40C26FA2E3900F41FC2 /* GuardianConstants.swift */; };
		1FF0E41026FA372400F41FC2 /* NewsArticles.swift in Sources */ = {isa = PBXBuildFile; fileRef = 1FF0E40F26FA372400F41FC2 /* NewsArticles.swift */; };
		1FF0E41126FA372400F41FC2 /* NewsArticles.swift in Sources */ = {isa = PBXBuildFile; fileRef = 1FF0E40F26FA372400F41FC2 /* NewsArticles.swift */; };
		1FF0E41326FB5C4100F41FC2 /* ArticleRowView.swift in Sources */ = {isa = PBXBuildFile; fileRef = 1FF0E41226FB5C4100F41FC2 /* ArticleRowView.swift */; };
		1FF0E41426FB5C4100F41FC2 /* ArticleRowView.swift in Sources */ = {isa = PBXBuildFile; fileRef = 1FF0E41226FB5C4100F41FC2 /* ArticleRowView.swift */; };
/* End PBXBuildFile section */

/* Begin PBXFileReference section */
		1F1C74B326FA290D005D18F1 /* NewsAppApp.swift */ = {isa = PBXFileReference; lastKnownFileType = sourcecode.swift; path = NewsAppApp.swift; sourceTree = "<group>"; };
		1F1C74B426FA290D005D18F1 /* ContentView.swift */ = {isa = PBXFileReference; lastKnownFileType = sourcecode.swift; path = ContentView.swift; sourceTree = "<group>"; };
		1F1C74B526FA290E005D18F1 /* Assets.xcassets */ = {isa = PBXFileReference; lastKnownFileType = folder.assetcatalog; path = Assets.xcassets; sourceTree = "<group>"; };
		1F1C74BA26FA290E005D18F1 /* NewsApp.app */ = {isa = PBXFileReference; explicitFileType = wrapper.application; includeInIndex = 0; path = NewsApp.app; sourceTree = BUILT_PRODUCTS_DIR; };
		1F1C74BD26FA290E005D18F1 /* Info.plist */ = {isa = PBXFileReference; lastKnownFileType = text.plist.xml; path = Info.plist; sourceTree = "<group>"; };
		1F1C74C226FA290E005D18F1 /* NewsApp.app */ = {isa = PBXFileReference; explicitFileType = wrapper.application; includeInIndex = 0; path = NewsApp.app; sourceTree = BUILT_PRODUCTS_DIR; };
		1F1C74C426FA290E005D18F1 /* Info.plist */ = {isa = PBXFileReference; lastKnownFileType = text.plist.xml; path = Info.plist; sourceTree = "<group>"; };
		1F1C74C526FA290E005D18F1 /* macOS.entitlements */ = {isa = PBXFileReference; lastKnownFileType = text.plist.entitlements; path = macOS.entitlements; sourceTree = "<group>"; };
		1F1C74D426FA29CD005D18F1 /* GuardianResponse.swift */ = {isa = PBXFileReference; lastKnownFileType = sourcecode.swift; path = GuardianResponse.swift; sourceTree = "<group>"; };
		1FF0E40926FA2C2B00F41FC2 /* GuardianServices.swift */ = {isa = PBXFileReference; lastKnownFileType = sourcecode.swift; path = GuardianServices.swift; sourceTree = "<group>"; };
		1FF0E40C26FA2E3900F41FC2 /* GuardianConstants.swift */ = {isa = PBXFileReference; lastKnownFileType = sourcecode.swift; path = GuardianConstants.swift; sourceTree = "<group>"; };
		1FF0E40F26FA372400F41FC2 /* NewsArticles.swift */ = {isa = PBXFileReference; lastKnownFileType = sourcecode.swift; path = NewsArticles.swift; sourceTree = "<group>"; };
		1FF0E41226FB5C4100F41FC2 /* ArticleRowView.swift */ = {isa = PBXFileReference; lastKnownFileType = sourcecode.swift; path = ArticleRowView.swift; sourceTree = "<group>"; };
/* End PBXFileReference section */

/* Begin PBXFrameworksBuildPhase section */
		1F1C74B726FA290E005D18F1 /* Frameworks */ = {
			isa = PBXFrameworksBuildPhase;
			buildActionMask = 2147483647;
			files = (
			);
			runOnlyForDeploymentPostprocessing = 0;
		};
		1F1C74BF26FA290E005D18F1 /* Frameworks */ = {
			isa = PBXFrameworksBuildPhase;
			buildActionMask = 2147483647;
			files = (
			);
			runOnlyForDeploymentPostprocessing = 0;
		};
/* End PBXFrameworksBuildPhase section */

/* Begin PBXGroup section */
		1F1C74AD26FA290D005D18F1 = {
			isa = PBXGroup;
			children = (
				1F1C74B226FA290D005D18F1 /* Shared */,
				1F1C74BC26FA290E005D18F1 /* iOS */,
				1F1C74C326FA290E005D18F1 /* macOS */,
				1F1C74BB26FA290E005D18F1 /* Products */,
			);
			sourceTree = "<group>";
		};
		1F1C74B226FA290D005D18F1 /* Shared */ = {
			isa = PBXGroup;
			children = (
				1F1C74B326FA290D005D18F1 /* NewsAppApp.swift */,
				1F1C74B426FA290D005D18F1 /* ContentView.swift */,
				1FF0E41226FB5C4100F41FC2 /* ArticleRowView.swift */,
				1FF0E40F26FA372400F41FC2 /* NewsArticles.swift */,
				1FF0E40826FA2AEC00F41FC2 /* GuardianService */,
				1F1C74B526FA290E005D18F1 /* Assets.xcassets */,
			);
			path = Shared;
			sourceTree = "<group>";
		};
		1F1C74BB26FA290E005D18F1 /* Products */ = {
			isa = PBXGroup;
			children = (
				1F1C74BA26FA290E005D18F1 /* NewsApp.app */,
				1F1C74C226FA290E005D18F1 /* NewsApp.app */,
			);
			name = Products;
			sourceTree = "<group>";
		};
		1F1C74BC26FA290E005D18F1 /* iOS */ = {
			isa = PBXGroup;
			children = (
				1F1C74BD26FA290E005D18F1 /* Info.plist */,
			);
			path = iOS;
			sourceTree = "<group>";
		};
		1F1C74C326FA290E005D18F1 /* macOS */ = {
			isa = PBXGroup;
			children = (
				1F1C74C426FA290E005D18F1 /* Info.plist */,
				1F1C74C526FA290E005D18F1 /* macOS.entitlements */,
			);
			path = macOS;
			sourceTree = "<group>";
		};
		1FF0E40826FA2AEC00F41FC2 /* GuardianService */ = {
			isa = PBXGroup;
			children = (
				1F1C74D426FA29CD005D18F1 /* GuardianResponse.swift */,
				1FF0E40926FA2C2B00F41FC2 /* GuardianServices.swift */,
				1FF0E40C26FA2E3900F41FC2 /* GuardianConstants.swift */,
			);
			path = GuardianService;
			sourceTree = "<group>";
		};
/* End PBXGroup section */

/* Begin PBXNativeTarget section */
		1F1C74B926FA290E005D18F1 /* NewsApp (iOS) */ = {
			isa = PBXNativeTarget;
			buildConfigurationList = 1F1C74CE26FA290E005D18F1 /* Build configuration list for PBXNativeTarget "NewsApp (iOS)" */;
			buildPhases = (
				1F1C74B626FA290E005D18F1 /* Sources */,
				1F1C74B726FA290E005D18F1 /* Frameworks */,
				1F1C74B826FA290E005D18F1 /* Resources */,
			);
			buildRules = (
			);
			dependencies = (
			);
			name = "NewsApp (iOS)";
			productName = "NewsApp (iOS)";
			productReference = 1F1C74BA26FA290E005D18F1 /* NewsApp.app */;
			productType = "com.apple.product-type.application";
		};
		1F1C74C126FA290E005D18F1 /* NewsApp (macOS) */ = {
			isa = PBXNativeTarget;
			buildConfigurationList = 1F1C74D126FA290E005D18F1 /* Build configuration list for PBXNativeTarget "NewsApp (macOS)" */;
			buildPhases = (
				1F1C74BE26FA290E005D18F1 /* Sources */,
				1F1C74BF26FA290E005D18F1 /* Frameworks */,
				1F1C74C026FA290E005D18F1 /* Resources */,
			);
			buildRules = (
			);
			dependencies = (
			);
			name = "NewsApp (macOS)";
			productName = "NewsApp (macOS)";
			productReference = 1F1C74C226FA290E005D18F1 /* NewsApp.app */;
			productType = "com.apple.product-type.application";
		};
/* End PBXNativeTarget section */

/* Begin PBXProject section */
		1F1C74AE26FA290D005D18F1 /* Project object */ = {
			isa = PBXProject;
			attributes = {
				LastSwiftUpdateCheck = 1250;
				LastUpgradeCheck = 1300;
				TargetAttributes = {
					1F1C74B926FA290E005D18F1 = {
						CreatedOnToolsVersion = 12.5.1;
					};
					1F1C74C126FA290E005D18F1 = {
						CreatedOnToolsVersion = 12.5.1;
					};
				};
			};
			buildConfigurationList = 1F1C74B126FA290D005D18F1 /* Build configuration list for PBXProject "NewsApp" */;
			compatibilityVersion = "Xcode 9.3";
			developmentRegion = en;
			hasScannedForEncodings = 0;
			knownRegions = (
				en,
				Base,
			);
			mainGroup = 1F1C74AD26FA290D005D18F1;
			productRefGroup = 1F1C74BB26FA290E005D18F1 /* Products */;
			projectDirPath = "";
			projectRoot = "";
			targets = (
				1F1C74B926FA290E005D18F1 /* NewsApp (iOS) */,
				1F1C74C126FA290E005D18F1 /* NewsApp (macOS) */,
			);
		};
/* End PBXProject section */

/* Begin PBXResourcesBuildPhase section */
		1F1C74B826FA290E005D18F1 /* Resources */ = {
			isa = PBXResourcesBuildPhase;
			buildActionMask = 2147483647;
			files = (
				1F1C74CA26FA290E005D18F1 /* Assets.xcassets in Resources */,
			);
			runOnlyForDeploymentPostprocessing = 0;
		};
		1F1C74C026FA290E005D18F1 /* Resources */ = {
			isa = PBXResourcesBuildPhase;
			buildActionMask = 2147483647;
			files = (
				1F1C74CB26FA290E005D18F1 /* Assets.xcassets in Resources */,
			);
			runOnlyForDeploymentPostprocessing = 0;
		};
/* End PBXResourcesBuildPhase section */

/* Begin PBXSourcesBuildPhase section */
		1F1C74B626FA290E005D18F1 /* Sources */ = {
			isa = PBXSourcesBuildPhase;
			buildActionMask = 2147483647;
			files = (
				1FF0E40D26FA2E3900F41FC2 /* GuardianConstants.swift in Sources */,
				1FF0E41326FB5C4100F41FC2 /* ArticleRowView.swift in Sources */,
				1FF0E41026FA372400F41FC2 /* NewsArticles.swift in Sources */,
				1FF0E40A26FA2C2B00F41FC2 /* GuardianServices.swift in Sources */,
				1F1C74C826FA290E005D18F1 /* ContentView.swift in Sources */,
				1F1C74C626FA290E005D18F1 /* NewsAppApp.swift in Sources */,
				1F1C74D526FA29CD005D18F1 /* GuardianResponse.swift in Sources */,
			);
			runOnlyForDeploymentPostprocessing = 0;
		};
		1F1C74BE26FA290E005D18F1 /* Sources */ = {
			isa = PBXSourcesBuildPhase;
			buildActionMask = 2147483647;
			files = (
				1FF0E40E26FA2E3900F41FC2 /* GuardianConstants.swift in Sources */,
				1FF0E41426FB5C4100F41FC2 /* ArticleRowView.swift in Sources */,
				1FF0E41126FA372400F41FC2 /* NewsArticles.swift in Sources */,
				1FF0E40B26FA2C2B00F41FC2 /* GuardianServices.swift in Sources */,
				1F1C74C926FA290E005D18F1 /* ContentView.swift in Sources */,
				1F1C74C726FA290E005D18F1 /* NewsAppApp.swift in Sources */,
				1F1C74D626FA29CD005D18F1 /* GuardianResponse.swift in Sources */,
			);
			runOnlyForDeploymentPostprocessing = 0;
		};
/* End PBXSourcesBuildPhase section */

/* Begin XCBuildConfiguration section */
		1F1C74CC26FA290E005D18F1 /* Debug */ = {
			isa = XCBuildConfiguration;
			buildSettings = {
				ALWAYS_SEARCH_USER_PATHS = NO;
				CLANG_ANALYZER_NONNULL = YES;
				CLANG_ANALYZER_NUMBER_OBJECT_CONVERSION = YES_AGGRESSIVE;
				CLANG_CXX_LANGUAGE_STANDARD = "gnu++14";
				CLANG_CXX_LIBRARY = "libc++";
				CLANG_ENABLE_MODULES = YES;
				CLANG_ENABLE_OBJC_ARC = YES;
				CLANG_ENABLE_OBJC_WEAK = YES;
				CLANG_WARN_BLOCK_CAPTURE_AUTORELEASING = YES;
				CLANG_WARN_BOOL_CONVERSION = YES;
				CLANG_WARN_COMMA = YES;
				CLANG_WARN_CONSTANT_CONVERSION = YES;
				CLANG_WARN_DEPRECATED_OBJC_IMPLEMENTATIONS = YES;
				CLANG_WARN_DIRECT_OBJC_ISA_USAGE = YES_ERROR;
				CLANG_WARN_DOCUMENTATION_COMMENTS = YES;
				CLANG_WARN_EMPTY_BODY = YES;
				CLANG_WARN_ENUM_CONVERSION = YES;
				CLANG_WARN_INFINITE_RECURSION = YES;
				CLANG_WARN_INT_CONVERSION = YES;
				CLANG_WARN_NON_LITERAL_NULL_CONVERSION = YES;
				CLANG_WARN_OBJC_IMPLICIT_RETAIN_SELF = YES;
				CLANG_WARN_OBJC_LITERAL_CONVERSION = YES;
				CLANG_WARN_OBJC_ROOT_CLASS = YES_ERROR;
				CLANG_WARN_QUOTED_INCLUDE_IN_FRAMEWORK_HEADER = YES;
				CLANG_WARN_RANGE_LOOP_ANALYSIS = YES;
				CLANG_WARN_STRICT_PROTOTYPES = YES;
				CLANG_WARN_SUSPICIOUS_MOVE = YES;
				CLANG_WARN_UNGUARDED_AVAILABILITY = YES_AGGRESSIVE;
				CLANG_WARN_UNREACHABLE_CODE = YES;
				CLANG_WARN__DUPLICATE_METHOD_MATCH = YES;
				COPY_PHASE_STRIP = NO;
				DEBUG_INFORMATION_FORMAT = dwarf;
				ENABLE_STRICT_OBJC_MSGSEND = YES;
				ENABLE_TESTABILITY = YES;
				GCC_C_LANGUAGE_STANDARD = gnu11;
				GCC_DYNAMIC_NO_PIC = NO;
				GCC_NO_COMMON_BLOCKS = YES;
				GCC_OPTIMIZATION_LEVEL = 0;
				GCC_PREPROCESSOR_DEFINITIONS = (
					"DEBUG=1",
					"$(inherited)",
				);
				GCC_WARN_64_TO_32_BIT_CONVERSION = YES;
				GCC_WARN_ABOUT_RETURN_TYPE = YES_ERROR;
				GCC_WARN_UNDECLARED_SELECTOR = YES;
				GCC_WARN_UNINITIALIZED_AUTOS = YES_AGGRESSIVE;
				GCC_WARN_UNUSED_FUNCTION = YES;
				GCC_WARN_UNUSED_VARIABLE = YES;
				MTL_ENABLE_DEBUG_INFO = INCLUDE_SOURCE;
				MTL_FAST_MATH = YES;
				ONLY_ACTIVE_ARCH = YES;
				SWIFT_ACTIVE_COMPILATION_CONDITIONS = DEBUG;
				SWIFT_OPTIMIZATION_LEVEL = "-Onone";
			};
			name = Debug;
		};
		1F1C74CD26FA290E005D18F1 /* Release */ = {
			isa = XCBuildConfiguration;
			buildSettings = {
				ALWAYS_SEARCH_USER_PATHS = NO;
				CLANG_ANALYZER_NONNULL = YES;
				CLANG_ANALYZER_NUMBER_OBJECT_CONVERSION = YES_AGGRESSIVE;
				CLANG_CXX_LANGUAGE_STANDARD = "gnu++14";
				CLANG_CXX_LIBRARY = "libc++";
				CLANG_ENABLE_MODULES = YES;
				CLANG_ENABLE_OBJC_ARC = YES;
				CLANG_ENABLE_OBJC_WEAK = YES;
				CLANG_WARN_BLOCK_CAPTURE_AUTORELEASING = YES;
				CLANG_WARN_BOOL_CONVERSION = YES;
				CLANG_WARN_COMMA = YES;
				CLANG_WARN_CONSTANT_CONVERSION = YES;
				CLANG_WARN_DEPRECATED_OBJC_IMPLEMENTATIONS = YES;
				CLANG_WARN_DIRECT_OBJC_ISA_USAGE = YES_ERROR;
				CLANG_WARN_DOCUMENTATION_COMMENTS = YES;
				CLANG_WARN_EMPTY_BODY = YES;
				CLANG_WARN_ENUM_CONVERSION = YES;
				CLANG_WARN_INFINITE_RECURSION = YES;
				CLANG_WARN_INT_CONVERSION = YES;
				CLANG_WARN_NON_LITERAL_NULL_CONVERSION = YES;
				CLANG_WARN_OBJC_IMPLICIT_RETAIN_SELF = YES;
				CLANG_WARN_OBJC_LITERAL_CONVERSION = YES;
				CLANG_WARN_OBJC_ROOT_CLASS = YES_ERROR;
				CLANG_WARN_QUOTED_INCLUDE_IN_FRAMEWORK_HEADER = YES;
				CLANG_WARN_RANGE_LOOP_ANALYSIS = YES;
				CLANG_WARN_STRICT_PROTOTYPES = YES;
				CLANG_WARN_SUSPICIOUS_MOVE = YES;
				CLANG_WARN_UNGUARDED_AVAILABILITY = YES_AGGRESSIVE;
				CLANG_WARN_UNREACHABLE_CODE = YES;
				CLANG_WARN__DUPLICATE_METHOD_MATCH = YES;
				COPY_PHASE_STRIP = NO;
				DEBUG_INFORMATION_FORMAT = "dwarf-with-dsym";
				ENABLE_NS_ASSERTIONS = NO;
				ENABLE_STRICT_OBJC_MSGSEND = YES;
				GCC_C_LANGUAGE_STANDARD = gnu11;
				GCC_NO_COMMON_BLOCKS = YES;
				GCC_WARN_64_TO_32_BIT_CONVERSION = YES;
				GCC_WARN_ABOUT_RETURN_TYPE = YES_ERROR;
				GCC_WARN_UNDECLARED_SELECTOR = YES;
				GCC_WARN_UNINITIALIZED_AUTOS = YES_AGGRESSIVE;
				GCC_WARN_UNUSED_FUNCTION = YES;
				GCC_WARN_UNUSED_VARIABLE = YES;
				MTL_ENABLE_DEBUG_INFO = NO;
				MTL_FAST_MATH = YES;
				SWIFT_COMPILATION_MODE = wholemodule;
				SWIFT_OPTIMIZATION_LEVEL = "-O";
			};
			name = Release;
		};
		1F1C74CF26FA290E005D18F1 /* Debug */ = {
			isa = XCBuildConfiguration;
			buildSettings = {
				ASSETCATALOG_COMPILER_APPICON_NAME = AppIcon;
				ASSETCATALOG_COMPILER_GLOBAL_ACCENT_COLOR_NAME = AccentColor;
				CODE_SIGN_STYLE = Automatic;
				DEVELOPMENT_TEAM = MVA5U2HB2L;
				ENABLE_PREVIEWS = YES;
				INFOPLIST_FILE = iOS/Info.plist;
				IPHONEOS_DEPLOYMENT_TARGET = 15.0;
				LD_RUNPATH_SEARCH_PATHS = (
					"$(inherited)",
					"@executable_path/Frameworks",
				);
				PRODUCT_BUNDLE_IDENTIFIER = com.matthewfolbigg.NewsApp;
				PRODUCT_NAME = NewsApp;
				SDKROOT = iphoneos;
				SWIFT_VERSION = 5.0;
				TARGETED_DEVICE_FAMILY = "1,2";
			};
			name = Debug;
		};
		1F1C74D026FA290E005D18F1 /* Release */ = {
			isa = XCBuildConfiguration;
			buildSettings = {
				ASSETCATALOG_COMPILER_APPICON_NAME = AppIcon;
				ASSETCATALOG_COMPILER_GLOBAL_ACCENT_COLOR_NAME = AccentColor;
				CODE_SIGN_STYLE = Automatic;
				DEVELOPMENT_TEAM = MVA5U2HB2L;
				ENABLE_PREVIEWS = YES;
				INFOPLIST_FILE = iOS/Info.plist;
				IPHONEOS_DEPLOYMENT_TARGET = 15.0;
				LD_RUNPATH_SEARCH_PATHS = (
					"$(inherited)",
					"@executable_path/Frameworks",
				);
				PRODUCT_BUNDLE_IDENTIFIER = com.matthewfolbigg.NewsApp;
				PRODUCT_NAME = NewsApp;
				SDKROOT = iphoneos;
				SWIFT_VERSION = 5.0;
				TARGETED_DEVICE_FAMILY = "1,2";
				VALIDATE_PRODUCT = YES;
			};
			name = Release;
		};
		1F1C74D226FA290E005D18F1 /* Debug */ = {
			isa = XCBuildConfiguration;
			buildSettings = {
				ASSETCATALOG_COMPILER_APPICON_NAME = AppIcon;
				ASSETCATALOG_COMPILER_GLOBAL_ACCENT_COLOR_NAME = AccentColor;
				CODE_SIGN_ENTITLEMENTS = macOS/macOS.entitlements;
				CODE_SIGN_IDENTITY = "-";
				CODE_SIGN_STYLE = Automatic;
				COMBINE_HIDPI_IMAGES = YES;
				DEVELOPMENT_TEAM = MVA5U2HB2L;
				ENABLE_HARDENED_RUNTIME = YES;
				ENABLE_PREVIEWS = YES;
				INFOPLIST_FILE = macOS/Info.plist;
				LD_RUNPATH_SEARCH_PATHS = (
					"$(inherited)",
					"@executable_path/../Frameworks",
				);
				MACOSX_DEPLOYMENT_TARGET = 11.0;
				PRODUCT_BUNDLE_IDENTIFIER = com.matthewfolbigg.NewsApp;
				PRODUCT_NAME = NewsApp;
				SDKROOT = macosx;
				SWIFT_VERSION = 5.0;
			};
			name = Debug;
		};
		1F1C74D326FA290E005D18F1 /* Release */ = {
			isa = XCBuildConfiguration;
			buildSettings = {
				ASSETCATALOG_COMPILER_APPICON_NAME = AppIcon;
				ASSETCATALOG_COMPILER_GLOBAL_ACCENT_COLOR_NAME = AccentColor;
				CODE_SIGN_ENTITLEMENTS = macOS/macOS.entitlements;
				CODE_SIGN_IDENTITY = "-";
				CODE_SIGN_STYLE = Automatic;
				COMBINE_HIDPI_IMAGES = YES;
				DEVELOPMENT_TEAM = MVA5U2HB2L;
				ENABLE_HARDENED_RUNTIME = YES;
				ENABLE_PREVIEWS = YES;
				INFOPLIST_FILE = macOS/Info.plist;
				LD_RUNPATH_SEARCH_PATHS = (
					"$(inherited)",
					"@executable_path/../Frameworks",
				);
				MACOSX_DEPLOYMENT_TARGET = 11.0;
				PRODUCT_BUNDLE_IDENTIFIER = com.matthewfolbigg.NewsApp;
				PRODUCT_NAME = NewsApp;
				SDKROOT = macosx;
				SWIFT_VERSION = 5.0;
			};
			name = Release;
		};
/* End XCBuildConfiguration section */

/* Begin XCConfigurationList section */
		1F1C74B126FA290D005D18F1 /* Build configuration list for PBXProject "NewsApp" */ = {
			isa = XCConfigurationList;
			buildConfigurations = (
				1F1C74CC26FA290E005D18F1 /* Debug */,
				1F1C74CD26FA290E005D18F1 /* Release */,
			);
			defaultConfigurationIsVisible = 0;
			defaultConfigurationName = Release;
		};
		1F1C74CE26FA290E005D18F1 /* Build configuration list for PBXNativeTarget "NewsApp (iOS)" */ = {
			isa = XCConfigurationList;
			buildConfigurations = (
				1F1C74CF26FA290E005D18F1 /* Debug */,
				1F1C74D026FA290E005D18F1 /* Release */,
			);
			defaultConfigurationIsVisible = 0;
			defaultConfigurationName = Release;
		};
		1F1C74D126FA290E005D18F1 /* Build configuration list for PBXNativeTarget "NewsApp (macOS)" */ = {
			isa = XCConfigurationList;
			buildConfigurations = (
				1F1C74D226FA290E005D18F1 /* Debug */,
				1F1C74D326FA290E005D18F1 /* Release */,
			);
			defaultConfigurationIsVisible = 0;
			defaultConfigurationName = Release;
		};
/* End XCConfigurationList section */
	};
	rootObject = 1F1C74AE26FA290D005D18F1 /* Project object */;
}
